
Microsoft Visual Studio Solution File, Format Version 12.00
# Visual Studio Version 16
VisualStudioVersion = 16.0.30717.126
MinimumVisualStudioVersion = 10.0.40219.1
Project("{FAE04EC0-301F-11D3-BF4B-00C04F79EFBC}") = "WorkTAP", "WorkTAP\WorkTAP.csproj", "{FC857EEB-4F04-449F-AAD2-E2D0E7BAFCBE}"
EndProject
Global
	GlobalSection(SolutionConfigurationPlatforms) = preSolution
		Debug|Any CPU = Debug|Any CPU
		Release|Any CPU = Release|Any CPU
	EndGlobalSection
	GlobalSection(ProjectConfigurationPlatforms) = postSolution
		{FC857EEB-4F04-449F-AAD2-E2D0E7BAFCBE}.Debug|Any CPU.ActiveCfg = Debug|Any CPU
		{FC857EEB-4F04-449F-AAD2-E2D0E7BAFCBE}.Debug|Any CPU.Build.0 = Debug|Any CPU
		{FC857EEB-4F04-449F-AAD2-E2D0E7BAFCBE}.Release|Any CPU.ActiveCfg = Release|Any CPU
		{FC857EEB-4F04-449F-AAD2-E2D0E7BAFCBE}.Release|Any CPU.Build.0 = Release|Any CPU
	EndGlobalSection
	GlobalSection(SolutionProperties) = preSolution
		HideSolutionNode = FALSE
	EndGlobalSection
	GlobalSection(ExtensibilityGlobals) = postSolution
		SolutionGuid = {38FFC281-C3EE-4054-8163-3EEC6B974BC6}
	EndGlobalSection
EndGlobal
